# THIS IS AN AUTOGENERATED FILE. DO NOT EDIT THIS FILE DIRECTLY.
# yarn lockfile v1


Base64@^1.0.0:
  version "1.1.0"
  resolved "https://registry.yarnpkg.com/Base64/-/Base64-1.1.0.tgz#810ef21afa8357df92ad7b5389188c446b9cb956"
  integrity sha512-qeacf8dvGpf+XAT27ESHMh7z84uRzj/ua2pQdJg483m3bEXv/kVFtDnMgvf70BQGqzbZhR9t6BmASzKvqfJf3Q==

axios@0.21.1:
  version "0.21.1"
  resolved "https://registry.yarnpkg.com/axios/-/axios-0.21.1.tgz#22563481962f4d6bde9a76d516ef0e5d3c09b2b8"
  integrity sha512-dKQiRHxGD9PPRIUNIWvZhPTPpl1rf/OxTYKsqKUDjBwYylTvV7SjSHJb9ratfyzM6wCdLCOYLzs73qpg5c4iGA==
  dependencies:
    follow-redirects "^1.10.0"

bearer@0.0.20:
  version "0.0.20"
  resolved "https://registry.yarnpkg.com/bearer/-/bearer-0.0.20.tgz#c578d8e0719997a6c5b7e59034fef90a9993be9c"
  integrity sha1-xXjY4HGZl6bFt+WQNP75CpmTvpw=
  dependencies:
    node-cryptojs-aes "~0.4.0"

es6-object-assign@1.1.0:
  version "1.1.0"
  resolved "https://registry.yarnpkg.com/es6-object-assign/-/es6-object-assign-1.1.0.tgz#c2c3582656247c39ea107cb1e6652b6f9f24523c"
  integrity sha1-wsNYJlYkfDnqEHyx5mUrb58kUjw=

follow-redirects@^1.10.0:
  version "1.14.7"
  resolved "https://registry.yarnpkg.com/follow-redirects/-/follow-redirects-1.14.7.tgz#2004c02eb9436eee9a21446a6477debf17e81685"
  integrity sha512-+hbxoLbFMbRKDwohX8GkTataGqO6Jb7jGwpAlwgy2bIz25XtRm7KEzJM76R1WiNT5SwZkX4Y75SwBolkpmE7iQ==

node-cryptojs-aes@~0.4.0:
  version "0.4.0"
  resolved "https://registry.yarnpkg.com/node-cryptojs-aes/-/node-cryptojs-aes-0.4.0.tgz#64cfba80c1fbc9fac347c8eb2c2c12adbd3a8a07"
  integrity sha1-ZM+6gMH7yfrDR8jrLCwSrb06igc=

vue-auth@^1.0.0-alpha.1:
  version "1.0.0-alpha.1"
  resolved "https://registry.yarnpkg.com/vue-auth/-/vue-auth-1.0.0-alpha.1.tgz#3c9d1ddc2b20bda83c18fbdbb0b262cecefe4832"
  integrity sha1-PJ0d3Csgvag8GPvbsLJizs7+SDI=
  dependencies:
    Base64 "^1.0.0"

vuejs-logger@1.5.3:
  version "1.5.3"
  resolved "https://registry.yarnpkg.com/vuejs-logger/-/vuejs-logger-1.5.3.tgz#fc8b7428af9c1bc252eb7deddd5638bce3b91549"
  integrity sha512-jw+AQ+IMJBz18fA4opHsqaU7P7yQNugoGywT6i3DCd1BWqg9eUx03Fr21kayqGcP4dxUwhVkkjuOyeirxLJC8g==
  dependencies:
    es6-object-assign "1.1.0"
